<?xml version="1.0" encoding="utf-8"?>
<Project ToolsVersion="4.0" xmlns="http://schemas.microsoft.com/developer/msbuild/2003">
  <ItemGroup>
    <Filter Include="Infectious">
      <UniqueIdentifier>{1EE67BDA-0A9E-BD27-73A5-96835F7C5818}</UniqueIdentifier>
    </Filter>
  </ItemGroup>
  <ItemGroup>
    <ClInclude Include="src\Infectious.h" />
    <ClInclude Include="src\Infectious\Application.h">
      <Filter>Infectious</Filter>
    </ClInclude>
    <ClInclude Include="src\Infectious\Core.h">
      <Filter>Infectious</Filter>
    </ClInclude>
    <ClInclude Include="src\Infectious\EntryPoint.h">
      <Filter>Infectious</Filter>
    </ClInclude>
    <ClInclude Include="src\Infectious\Log.h">
      <Filter>Infectious</Filter>
    </ClInclude>
    <ClInclude Include="src\Infectious\Events\ApplicationEvent.h" />
    <ClInclude Include="src\Infectious\Events\Event.h" />
    <ClInclude Include="src\Infectious\Events\KeyEvent.h" />
    <ClInclude Include="src\Infectious\Events\MouseEvent.h" />
  </ItemGroup>
  <ItemGroup>
    <ClCompile Include="src\Infectious\Application.cpp">
      <Filter>Infectious</Filter>
    </ClCompile>
    <ClCompile Include="src\Infectious\Log.cpp">
      <Filter>Infectious</Filter>
    </ClCompile>
  </ItemGroup>
</Project>